// !$*UTF8*$!
{
	archiveVersion = 1;
	classes = {
	};
	objectVersion = 77;
	objects = {

/* Begin PBXBuildFile section */
		159DAE5957C13455D1886750 /* SpeechService.swift in Sources */ = {isa = PBXBuildFile; fileRef = 50FC8F82C631ABEF4B11E5DE /* SpeechService.swift */; };
		16B29CACA2456DA2D2C97CFD /* ReaderMode.swift in Sources */ = {isa = PBXBuildFile; fileRef = B297243EF5ABBC553443E7E1 /* ReaderMode.swift */; };
		2DF3F3E7C8B49399D82CF2BE /* SherpaAudioCache.swift in Sources */ = {isa = PBXBuildFile; fileRef = E627D93B5253D7DABE07FE41 /* SherpaAudioCache.swift */; };
		369BCB84996C0761D5BC3614 /* SettingsView.swift in Sources */ = {isa = PBXBuildFile; fileRef = 4CA63389F895AB182DAAC91E /* SettingsView.swift */; };
		3E540ED61B4201D7D9A2CF0D /* ReaderWebViews.swift in Sources */ = {isa = PBXBuildFile; fileRef = 0C96FA06FFF40C100CDE678F /* ReaderWebViews.swift */; };
		3E673A92CFC2A3F0D03821AB /* PlaybackControlsView.swift in Sources */ = {isa = PBXBuildFile; fileRef = 3CEEEC11DDCB80D6006DF829 /* PlaybackControlsView.swift */; };
		3F675CAE5D4F32F289CB9EC3 /* RecentArticle.swift in Sources */ = {isa = PBXBuildFile; fileRef = CA5167FDD71D6AA5130C11D0 /* RecentArticle.swift */; };
		42E899370C769AEF73485126 /* SelectableTextView.swift in Sources */ = {isa = PBXBuildFile; fileRef = A6A865223BB056996BF10106 /* SelectableTextView.swift */; };
		46B0F985B66CF9029B6B0191 /* VoiceSettingsView.swift in Sources */ = {isa = PBXBuildFile; fileRef = 7D1B5BE16D7D801CA175C010 /* VoiceSettingsView.swift */; };
		58CBFE5CD8CD806F6C1D819F /* Assets.xcassets in Resources */ = {isa = PBXBuildFile; fileRef = 5186DC41F065782B3102EC7B /* Assets.xcassets */; };
		6CBDFF460F01EF17E3426558 /* Article.swift in Sources */ = {isa = PBXBuildFile; fileRef = 4D54287956AF94ECD5D699EF /* Article.swift */; };
		7A01D4539DBB5AC00DF959FA /* SherpaSpeechService.swift in Sources */ = {isa = PBXBuildFile; fileRef = F10DBDD1D16ABF83E1CDBE34 /* SherpaSpeechService.swift */; };
		7BA4F38F2580363F8C4201BE /* URLInputView.swift in Sources */ = {isa = PBXBuildFile; fileRef = CE3D85301AE537AFFAFE8462 /* URLInputView.swift */; };
		9B6AA94961884E8F10FBAEEA /* URLReaderApp.swift in Sources */ = {isa = PBXBuildFile; fileRef = 2432B3BE5277F79CD46DB22E /* URLReaderApp.swift */; };
		9D0A51B7F445CE77453A29A4 /* TableOfContentsView.swift in Sources */ = {isa = PBXBuildFile; fileRef = C9565D6B189EAFA8762A49A9 /* TableOfContentsView.swift */; };
		AA5DC2AAF2312CD69B1E5C84 /* SherpaModelsView.swift in Sources */ = {isa = PBXBuildFile; fileRef = ABEFF49161B4A0C73B5C131B /* SherpaModelsView.swift */; };
		C1708AC40A3B767426114486 /* ContentView.swift in Sources */ = {isa = PBXBuildFile; fileRef = F67E8BCCCC1EE6181DBD3E20 /* ContentView.swift */; };
		C475AED55F3C68ECD11E8E7A /* SherpaModel.swift in Sources */ = {isa = PBXBuildFile; fileRef = DF66A3444EACB04D82B567D1 /* SherpaModel.swift */; };
		C625B8A508CAD99A05EECC64 /* ShareViewController.swift in Sources */ = {isa = PBXBuildFile; fileRef = C9E19C8D977CAB04ECC28FBB /* ShareViewController.swift */; };
		C8CCC1356282B058EB2F4E44 /* SpeechEngineType.swift in Sources */ = {isa = PBXBuildFile; fileRef = CD3BF8A9AF584A00DF28729A /* SpeechEngineType.swift */; };
		CB8B260CE3322A7C339A321B /* SWCompression in Frameworks */ = {isa = PBXBuildFile; productRef = AF5EDBA8F97DD3A42C02584F /* SWCompression */; };
		DB58FC9753C33F6AD9ED8770 /* URLReaderShare.appex in Embed Foundation Extensions */ = {isa = PBXBuildFile; fileRef = 47266E86AB3F17B599224D74 /* URLReaderShare.appex */; settings = {ATTRIBUTES = (CodeSignOnCopy, RemoveHeadersOnCopy, ); }; };
		DDF02680D0045FED88EB78C9 /* ContentExtractor.swift in Sources */ = {isa = PBXBuildFile; fileRef = C55EFAD3E6251CA3C173E771 /* ContentExtractor.swift */; };
		DF7D9A990AE670F316BFE40B /* ReaderViewModel.swift in Sources */ = {isa = PBXBuildFile; fileRef = D47C7E812E533483E3575157 /* ReaderViewModel.swift */; };
		E812E10A7DFB94F56B4D3DD0 /* SherpaOnnxRuntime.swift in Sources */ = {isa = PBXBuildFile; fileRef = 411C7D264E56E015DCA95DF6 /* SherpaOnnxRuntime.swift */; };
		EE2D6746B5D8A6C25FC6F919 /* SherpaOnnxModelStore.swift in Sources */ = {isa = PBXBuildFile; fileRef = D62C2E20837FF349BDF384C6 /* SherpaOnnxModelStore.swift */; };
		F70FF2609AFB7083731EFAE5 /* SherpaOnnx in Frameworks */ = {isa = PBXBuildFile; productRef = 8BC79544F2C7301DB62305CE /* SherpaOnnx */; };
		FD45E02576D5011E5A92E0D6 /* ArticleReaderView.swift in Sources */ = {isa = PBXBuildFile; fileRef = 3FB56B74B8A60502F7C15D7B /* ArticleReaderView.swift */; };
/* End PBXBuildFile section */

/* Begin PBXContainerItemProxy section */
		78CE91A982D150E30BD8C80D /* PBXContainerItemProxy */ = {
			isa = PBXContainerItemProxy;
			containerPortal = 7C15DF92AC5C315365C97B64 /* Project object */;
			proxyType = 1;
			remoteGlobalIDString = DDB7C2576E8BD154B766E99B;
			remoteInfo = URLReaderShare;
		};
/* End PBXContainerItemProxy section */

/* Begin PBXCopyFilesBuildPhase section */
		71CFF547F1B280064FFAB43C /* Embed Foundation Extensions */ = {
			isa = PBXCopyFilesBuildPhase;
			buildActionMask = 2147483647;
			dstPath = "";
			dstSubfolderSpec = 13;
			files = (
				DB58FC9753C33F6AD9ED8770 /* URLReaderShare.appex in Embed Foundation Extensions */,
			);
			name = "Embed Foundation Extensions";
			runOnlyForDeploymentPostprocessing = 0;
		};
/* End PBXCopyFilesBuildPhase section */

/* Begin PBXFileReference section */
		00450E9C1A5BCAAFD9D4E9C8 /* Info.plist */ = {isa = PBXFileReference; lastKnownFileType = text.plist; path = Info.plist; sourceTree = "<group>"; };
		0C96FA06FFF40C100CDE678F /* ReaderWebViews.swift */ = {isa = PBXFileReference; lastKnownFileType = sourcecode.swift; path = ReaderWebViews.swift; sourceTree = "<group>"; };
		2432B3BE5277F79CD46DB22E /* URLReaderApp.swift */ = {isa = PBXFileReference; lastKnownFileType = sourcecode.swift; path = URLReaderApp.swift; sourceTree = "<group>"; };
		39336359D162C1447E2E0BDC /* ShareExtension.entitlements */ = {isa = PBXFileReference; lastKnownFileType = text.plist.entitlements; path = ShareExtension.entitlements; sourceTree = "<group>"; };
		3B9C649F433619C0A3DD1E75 /* Info.plist */ = {isa = PBXFileReference; lastKnownFileType = text.plist; path = Info.plist; sourceTree = "<group>"; };
		3CEEEC11DDCB80D6006DF829 /* PlaybackControlsView.swift */ = {isa = PBXFileReference; lastKnownFileType = sourcecode.swift; path = PlaybackControlsView.swift; sourceTree = "<group>"; };
		3FB56B74B8A60502F7C15D7B /* ArticleReaderView.swift */ = {isa = PBXFileReference; lastKnownFileType = sourcecode.swift; path = ArticleReaderView.swift; sourceTree = "<group>"; };
		411C7D264E56E015DCA95DF6 /* SherpaOnnxRuntime.swift */ = {isa = PBXFileReference; lastKnownFileType = sourcecode.swift; path = SherpaOnnxRuntime.swift; sourceTree = "<group>"; };
		47266E86AB3F17B599224D74 /* URLReaderShare.appex */ = {isa = PBXFileReference; includeInIndex = 0; lastKnownFileType = "wrapper.app-extension"; path = URLReaderShare.appex; sourceTree = BUILT_PRODUCTS_DIR; };
		4CA63389F895AB182DAAC91E /* SettingsView.swift */ = {isa = PBXFileReference; lastKnownFileType = sourcecode.swift; path = SettingsView.swift; sourceTree = "<group>"; };
		4D54287956AF94ECD5D699EF /* Article.swift */ = {isa = PBXFileReference; lastKnownFileType = sourcecode.swift; path = Article.swift; sourceTree = "<group>"; };
		50FC8F82C631ABEF4B11E5DE /* SpeechService.swift */ = {isa = PBXFileReference; lastKnownFileType = sourcecode.swift; path = SpeechService.swift; sourceTree = "<group>"; };
		5186DC41F065782B3102EC7B /* Assets.xcassets */ = {isa = PBXFileReference; lastKnownFileType = folder.assetcatalog; path = Assets.xcassets; sourceTree = "<group>"; };
		7D1B5BE16D7D801CA175C010 /* VoiceSettingsView.swift */ = {isa = PBXFileReference; lastKnownFileType = sourcecode.swift; path = VoiceSettingsView.swift; sourceTree = "<group>"; };
		A6A865223BB056996BF10106 /* SelectableTextView.swift */ = {isa = PBXFileReference; lastKnownFileType = sourcecode.swift; path = SelectableTextView.swift; sourceTree = "<group>"; };
		ABC219EE441A6774D031D327 /* URLReader.entitlements */ = {isa = PBXFileReference; lastKnownFileType = text.plist.entitlements; path = URLReader.entitlements; sourceTree = "<group>"; };
		ABEFF49161B4A0C73B5C131B /* SherpaModelsView.swift */ = {isa = PBXFileReference; lastKnownFileType = sourcecode.swift; path = SherpaModelsView.swift; sourceTree = "<group>"; };
		B297243EF5ABBC553443E7E1 /* ReaderMode.swift */ = {isa = PBXFileReference; lastKnownFileType = sourcecode.swift; path = ReaderMode.swift; sourceTree = "<group>"; };
		C55EFAD3E6251CA3C173E771 /* ContentExtractor.swift */ = {isa = PBXFileReference; lastKnownFileType = sourcecode.swift; path = ContentExtractor.swift; sourceTree = "<group>"; };
		C7FB69FBA56BBFE703C27994 /* URLReader.app */ = {isa = PBXFileReference; includeInIndex = 0; lastKnownFileType = wrapper.application; path = URLReader.app; sourceTree = BUILT_PRODUCTS_DIR; };
		C9565D6B189EAFA8762A49A9 /* TableOfContentsView.swift */ = {isa = PBXFileReference; lastKnownFileType = sourcecode.swift; path = TableOfContentsView.swift; sourceTree = "<group>"; };
		C9E19C8D977CAB04ECC28FBB /* ShareViewController.swift */ = {isa = PBXFileReference; lastKnownFileType = sourcecode.swift; path = ShareViewController.swift; sourceTree = "<group>"; };
		CA5167FDD71D6AA5130C11D0 /* RecentArticle.swift */ = {isa = PBXFileReference; lastKnownFileType = sourcecode.swift; path = RecentArticle.swift; sourceTree = "<group>"; };
		CD3BF8A9AF584A00DF28729A /* SpeechEngineType.swift */ = {isa = PBXFileReference; lastKnownFileType = sourcecode.swift; path = SpeechEngineType.swift; sourceTree = "<group>"; };
		CE3D85301AE537AFFAFE8462 /* URLInputView.swift */ = {isa = PBXFileReference; lastKnownFileType = sourcecode.swift; path = URLInputView.swift; sourceTree = "<group>"; };
		D47C7E812E533483E3575157 /* ReaderViewModel.swift */ = {isa = PBXFileReference; lastKnownFileType = sourcecode.swift; path = ReaderViewModel.swift; sourceTree = "<group>"; };
		D62C2E20837FF349BDF384C6 /* SherpaOnnxModelStore.swift */ = {isa = PBXFileReference; lastKnownFileType = sourcecode.swift; path = SherpaOnnxModelStore.swift; sourceTree = "<group>"; };
		E627D93B5253D7DABE07FE41 /* SherpaAudioCache.swift */ = {isa = PBXFileReference; lastKnownFileType = sourcecode.swift; path = SherpaAudioCache.swift; sourceTree = "<group>"; };
		DF66A3444EACB04D82B567D1 /* SherpaModel.swift */ = {isa = PBXFileReference; lastKnownFileType = sourcecode.swift; path = SherpaModel.swift; sourceTree = "<group>"; };
		E4B540C5F2A13DB79A2DA761 /* SherpaOnnx */ = {isa = PBXFileReference; lastKnownFileType = folder; name = SherpaOnnx; path = Vendor/SherpaOnnx; sourceTree = SOURCE_ROOT; };
		F10DBDD1D16ABF83E1CDBE34 /* SherpaSpeechService.swift */ = {isa = PBXFileReference; lastKnownFileType = sourcecode.swift; path = SherpaSpeechService.swift; sourceTree = "<group>"; };
		F67E8BCCCC1EE6181DBD3E20 /* ContentView.swift */ = {isa = PBXFileReference; lastKnownFileType = sourcecode.swift; path = ContentView.swift; sourceTree = "<group>"; };
/* End PBXFileReference section */

/* Begin PBXFrameworksBuildPhase section */
		4D469DD0842962F61DD0F082 /* Frameworks */ = {
			isa = PBXFrameworksBuildPhase;
			buildActionMask = 2147483647;
			files = (
				CB8B260CE3322A7C339A321B /* SWCompression in Frameworks */,
				F70FF2609AFB7083731EFAE5 /* SherpaOnnx in Frameworks */,
			);
			runOnlyForDeploymentPostprocessing = 0;
		};
/* End PBXFrameworksBuildPhase section */

/* Begin PBXGroup section */
		13CC6B8957130FCBEA84513E /* Views */ = {
			isa = PBXGroup;
			children = (
				3FB56B74B8A60502F7C15D7B /* ArticleReaderView.swift */,
				F67E8BCCCC1EE6181DBD3E20 /* ContentView.swift */,
				3CEEEC11DDCB80D6006DF829 /* PlaybackControlsView.swift */,
				0C96FA06FFF40C100CDE678F /* ReaderWebViews.swift */,
				A6A865223BB056996BF10106 /* SelectableTextView.swift */,
				4CA63389F895AB182DAAC91E /* SettingsView.swift */,
				ABEFF49161B4A0C73B5C131B /* SherpaModelsView.swift */,
				C9565D6B189EAFA8762A49A9 /* TableOfContentsView.swift */,
				CE3D85301AE537AFFAFE8462 /* URLInputView.swift */,
				7D1B5BE16D7D801CA175C010 /* VoiceSettingsView.swift */,
			);
			path = Views;
			sourceTree = "<group>";
		};
		26C65DCC849156F33CA59631 /* Packages */ = {
			isa = PBXGroup;
			children = (
				E4B540C5F2A13DB79A2DA761 /* SherpaOnnx */,
			);
			name = Packages;
			sourceTree = "<group>";
		};
		2EDC83145A2490A27CAEFC64 = {
			isa = PBXGroup;
			children = (
				26C65DCC849156F33CA59631 /* Packages */,
				EEE9708EF516A8DC9C80141B /* ShareExtension */,
				6485B95DE3FAB8C9147F3CD2 /* URLReader */,
				DB907875E70226678E207DAE /* Products */,
			);
			sourceTree = "<group>";
		};
		6485B95DE3FAB8C9147F3CD2 /* URLReader */ = {
			isa = PBXGroup;
			children = (
				D3611E753A2DD375E5710083 /* Models */,
				C67905AE095DA9F63F3716D2 /* Services */,
				7ED6B8CACAA1293CEA4696F9 /* ViewModels */,
				13CC6B8957130FCBEA84513E /* Views */,
				5186DC41F065782B3102EC7B /* Assets.xcassets */,
				00450E9C1A5BCAAFD9D4E9C8 /* Info.plist */,
				ABC219EE441A6774D031D327 /* URLReader.entitlements */,
				2432B3BE5277F79CD46DB22E /* URLReaderApp.swift */,
			);
			path = URLReader;
			sourceTree = "<group>";
		};
		7ED6B8CACAA1293CEA4696F9 /* ViewModels */ = {
			isa = PBXGroup;
			children = (
				D47C7E812E533483E3575157 /* ReaderViewModel.swift */,
			);
			path = ViewModels;
			sourceTree = "<group>";
		};
		C67905AE095DA9F63F3716D2 /* Services */ = {
			isa = PBXGroup;
			children = (
				C55EFAD3E6251CA3C173E771 /* ContentExtractor.swift */,
				E627D93B5253D7DABE07FE41 /* SherpaAudioCache.swift */,
				D62C2E20837FF349BDF384C6 /* SherpaOnnxModelStore.swift */,
				411C7D264E56E015DCA95DF6 /* SherpaOnnxRuntime.swift */,
				F10DBDD1D16ABF83E1CDBE34 /* SherpaSpeechService.swift */,
				50FC8F82C631ABEF4B11E5DE /* SpeechService.swift */,
			);
			path = Services;
			sourceTree = "<group>";
		};
		D3611E753A2DD375E5710083 /* Models */ = {
			isa = PBXGroup;
			children = (
				4D54287956AF94ECD5D699EF /* Article.swift */,
				B297243EF5ABBC553443E7E1 /* ReaderMode.swift */,
				CA5167FDD71D6AA5130C11D0 /* RecentArticle.swift */,
				DF66A3444EACB04D82B567D1 /* SherpaModel.swift */,
				CD3BF8A9AF584A00DF28729A /* SpeechEngineType.swift */,
			);
			path = Models;
			sourceTree = "<group>";
		};
		DB907875E70226678E207DAE /* Products */ = {
			isa = PBXGroup;
			children = (
				C7FB69FBA56BBFE703C27994 /* URLReader.app */,
				47266E86AB3F17B599224D74 /* URLReaderShare.appex */,
			);
			name = Products;
			sourceTree = "<group>";
		};
		EEE9708EF516A8DC9C80141B /* ShareExtension */ = {
			isa = PBXGroup;
			children = (
				3B9C649F433619C0A3DD1E75 /* Info.plist */,
				39336359D162C1447E2E0BDC /* ShareExtension.entitlements */,
				C9E19C8D977CAB04ECC28FBB /* ShareViewController.swift */,
			);
			path = ShareExtension;
			sourceTree = "<group>";
		};
/* End PBXGroup section */

/* Begin PBXNativeTarget section */
		60F9D59E807B1B6EDBFEC988 /* URLReader */ = {
			isa = PBXNativeTarget;
			buildConfigurationList = 2A02B89E1E747C4DBEF21453 /* Build configuration list for PBXNativeTarget "URLReader" */;
			buildPhases = (
				57AC08FEA3C81FEB50B3F3DF /* Sources */,
				B65FE1469EA92AB2EB95A504 /* Resources */,
				4D469DD0842962F61DD0F082 /* Frameworks */,
				71CFF547F1B280064FFAB43C /* Embed Foundation Extensions */,
			);
			buildRules = (
			);
			dependencies = (
				0B93D034D120B82934889C4A /* PBXTargetDependency */,
			);
			name = URLReader;
			packageProductDependencies = (
				AF5EDBA8F97DD3A42C02584F /* SWCompression */,
				8BC79544F2C7301DB62305CE /* SherpaOnnx */,
			);
			productName = URLReader;
			productReference = C7FB69FBA56BBFE703C27994 /* URLReader.app */;
			productType = "com.apple.product-type.application";
		};
		DDB7C2576E8BD154B766E99B /* URLReaderShare */ = {
			isa = PBXNativeTarget;
			buildConfigurationList = 3A56D60AAD3E7C1EFA20CB74 /* Build configuration list for PBXNativeTarget "URLReaderShare" */;
			buildPhases = (
				A4D3C3DA294BEE4CFE9708A5 /* Sources */,
			);
			buildRules = (
			);
			dependencies = (
			);
			name = URLReaderShare;
			packageProductDependencies = (
			);
			productName = URLReaderShare;
			productReference = 47266E86AB3F17B599224D74 /* URLReaderShare.appex */;
			productType = "com.apple.product-type.app-extension";
		};
/* End PBXNativeTarget section */

/* Begin PBXProject section */
		7C15DF92AC5C315365C97B64 /* Project object */ = {
			isa = PBXProject;
			attributes = {
				BuildIndependentTargetsInParallel = YES;
				LastUpgradeCheck = 1500;
				TargetAttributes = {
					60F9D59E807B1B6EDBFEC988 = {
						DevelopmentTeam = 8C7EB23ZZP;
						ProvisioningStyle = Automatic;
					};
					DDB7C2576E8BD154B766E99B = {
						DevelopmentTeam = 8C7EB23ZZP;
						ProvisioningStyle = Automatic;
					};
				};
			};
			buildConfigurationList = 1A687F0B24E502805488836F /* Build configuration list for PBXProject "URLReader" */;
			compatibilityVersion = "Xcode 14.0";
			developmentRegion = en;
			hasScannedForEncodings = 0;
			knownRegions = (
				Base,
				en,
			);
			mainGroup = 2EDC83145A2490A27CAEFC64;
			minimizedProjectReferenceProxies = 1;
			packageReferences = (
				1887E6FDF11F913EB57CEFC7 /* XCRemoteSwiftPackageReference "SWCompression" */,
				2428990A0D33A8CB5E6A1FB4 /* XCLocalSwiftPackageReference "Vendor/SherpaOnnx" */,
			);
			preferredProjectObjectVersion = 77;
			projectDirPath = "";
			projectRoot = "";
			targets = (
				60F9D59E807B1B6EDBFEC988 /* URLReader */,
				DDB7C2576E8BD154B766E99B /* URLReaderShare */,
			);
		};
/* End PBXProject section */

/* Begin PBXResourcesBuildPhase section */
		B65FE1469EA92AB2EB95A504 /* Resources */ = {
			isa = PBXResourcesBuildPhase;
			buildActionMask = 2147483647;
			files = (
				58CBFE5CD8CD806F6C1D819F /* Assets.xcassets in Resources */,
			);
			runOnlyForDeploymentPostprocessing = 0;
		};
/* End PBXResourcesBuildPhase section */

/* Begin PBXSourcesBuildPhase section */
		57AC08FEA3C81FEB50B3F3DF /* Sources */ = {
			isa = PBXSourcesBuildPhase;
			buildActionMask = 2147483647;
			files = (
				6CBDFF460F01EF17E3426558 /* Article.swift in Sources */,
				FD45E02576D5011E5A92E0D6 /* ArticleReaderView.swift in Sources */,
				DDF02680D0045FED88EB78C9 /* ContentExtractor.swift in Sources */,
				C1708AC40A3B767426114486 /* ContentView.swift in Sources */,
				3E673A92CFC2A3F0D03821AB /* PlaybackControlsView.swift in Sources */,
				16B29CACA2456DA2D2C97CFD /* ReaderMode.swift in Sources */,
				DF7D9A990AE670F316BFE40B /* ReaderViewModel.swift in Sources */,
				3E540ED61B4201D7D9A2CF0D /* ReaderWebViews.swift in Sources */,
				3F675CAE5D4F32F289CB9EC3 /* RecentArticle.swift in Sources */,
				42E899370C769AEF73485126 /* SelectableTextView.swift in Sources */,
				369BCB84996C0761D5BC3614 /* SettingsView.swift in Sources */,
				2DF3F3E7C8B49399D82CF2BE /* SherpaAudioCache.swift in Sources */,
				C475AED55F3C68ECD11E8E7A /* SherpaModel.swift in Sources */,
				AA5DC2AAF2312CD69B1E5C84 /* SherpaModelsView.swift in Sources */,
				EE2D6746B5D8A6C25FC6F919 /* SherpaOnnxModelStore.swift in Sources */,
				E812E10A7DFB94F56B4D3DD0 /* SherpaOnnxRuntime.swift in Sources */,
				7A01D4539DBB5AC00DF959FA /* SherpaSpeechService.swift in Sources */,
				C8CCC1356282B058EB2F4E44 /* SpeechEngineType.swift in Sources */,
				159DAE5957C13455D1886750 /* SpeechService.swift in Sources */,
				9D0A51B7F445CE77453A29A4 /* TableOfContentsView.swift in Sources */,
				7BA4F38F2580363F8C4201BE /* URLInputView.swift in Sources */,
				9B6AA94961884E8F10FBAEEA /* URLReaderApp.swift in Sources */,
				46B0F985B66CF9029B6B0191 /* VoiceSettingsView.swift in Sources */,
			);
			runOnlyForDeploymentPostprocessing = 0;
		};
		A4D3C3DA294BEE4CFE9708A5 /* Sources */ = {
			isa = PBXSourcesBuildPhase;
			buildActionMask = 2147483647;
			files = (
				C625B8A508CAD99A05EECC64 /* ShareViewController.swift in Sources */,
			);
			runOnlyForDeploymentPostprocessing = 0;
		};
/* End PBXSourcesBuildPhase section */

/* Begin PBXTargetDependency section */
		0B93D034D120B82934889C4A /* PBXTargetDependency */ = {
			isa = PBXTargetDependency;
			target = DDB7C2576E8BD154B766E99B /* URLReaderShare */;
			targetProxy = 78CE91A982D150E30BD8C80D /* PBXContainerItemProxy */;
		};
/* End PBXTargetDependency section */

/* Begin XCBuildConfiguration section */
		28E5B550F9B3825EA083672F /* Release */ = {
			isa = XCBuildConfiguration;
			buildSettings = {
				CODE_SIGN_ENTITLEMENTS = ShareExtension/ShareExtension.entitlements;
				INFOPLIST_FILE = ShareExtension/Info.plist;
				INFOPLIST_KEY_CFBundleDisplayName = "Read Aloud";
				INFOPLIST_KEY_NSHumanReadableCopyright = "";
				LD_RUNPATH_SEARCH_PATHS = (
					"$(inherited)",
					"@executable_path/Frameworks",
					"@executable_path/../../Frameworks",
				);
				PRODUCT_BUNDLE_IDENTIFIER = com.kareemf.URLReader.ShareExtension;
				PRODUCT_NAME = URLReaderShare;
				SDKROOT = iphoneos;
				SKIP_INSTALL = YES;
				SWIFT_COMPILATION_MODE = wholemodule;
				SWIFT_OPTIMIZATION_LEVEL = "-O";
				TARGETED_DEVICE_FAMILY = "1,2";
			};
			name = Release;
		};
		32AB126444A77DB2BED29584 /* Release */ = {
			isa = XCBuildConfiguration;
			buildSettings = {
				ASSETCATALOG_COMPILER_APPICON_NAME = AppIcon;
				ASSETCATALOG_COMPILER_GLOBAL_ACCENT_COLOR_NAME = AccentColor;
				CODE_SIGN_ENTITLEMENTS = URLReader/URLReader.entitlements;
				CODE_SIGN_IDENTITY = "iPhone Developer";
				INFOPLIST_FILE = URLReader/Info.plist;
				INFOPLIST_KEY_CFBundleDisplayName = "URL Reader";
				INFOPLIST_KEY_CFBundleExecutable = "$(EXECUTABLE_NAME)";
				INFOPLIST_KEY_CFBundleIdentifier = "$(PRODUCT_BUNDLE_IDENTIFIER)";
				INFOPLIST_KEY_CFBundleName = "$(PRODUCT_NAME)";
				INFOPLIST_KEY_CFBundleShortVersionString = "$(MARKETING_VERSION)";
				INFOPLIST_KEY_CFBundleVersion = "$(CURRENT_PROJECT_VERSION)";
				INFOPLIST_KEY_LSApplicationCategoryType = "public.app-category.utilities";
				INFOPLIST_KEY_UIApplicationSceneManifest_Generation = YES;
				INFOPLIST_KEY_UIApplicationSupportsIndirectInputEvents = YES;
				INFOPLIST_KEY_UILaunchScreen_Generation = YES;
				INFOPLIST_KEY_UIRequiresFullScreen = YES;
				INFOPLIST_KEY_UISupportedInterfaceOrientations_iPad = "UIInterfaceOrientationPortrait UIInterfaceOrientationPortraitUpsideDown UIInterfaceOrientationLandscapeLeft UIInterfaceOrientationLandscapeRight";
				INFOPLIST_KEY_UISupportedInterfaceOrientations_iPhone = "UIInterfaceOrientationPortrait UIInterfaceOrientationLandscapeLeft UIInterfaceOrientationLandscapeRight";
				LD_RUNPATH_SEARCH_PATHS = (
					"$(inherited)",
					"@executable_path/Frameworks",
				);
				PRODUCT_BUNDLE_IDENTIFIER = com.kareemf.URLReader;
				SDKROOT = iphoneos;
				SWIFT_COMPILATION_MODE = wholemodule;
				SWIFT_OPTIMIZATION_LEVEL = "-O";
				TARGETED_DEVICE_FAMILY = "1,2";
			};
			name = Release;
		};
		45057B6063816FE81F6B26AD /* Debug */ = {
			isa = XCBuildConfiguration;
			buildSettings = {
				CODE_SIGN_ENTITLEMENTS = ShareExtension/ShareExtension.entitlements;
				INFOPLIST_FILE = ShareExtension/Info.plist;
				INFOPLIST_KEY_CFBundleDisplayName = "Read Aloud";
				INFOPLIST_KEY_NSHumanReadableCopyright = "";
				LD_RUNPATH_SEARCH_PATHS = (
					"$(inherited)",
					"@executable_path/Frameworks",
					"@executable_path/../../Frameworks",
				);
				PRODUCT_BUNDLE_IDENTIFIER = com.kareemf.URLReader.ShareExtension;
				PRODUCT_NAME = URLReaderShare;
				SDKROOT = iphoneos;
				SKIP_INSTALL = YES;
				SWIFT_ACTIVE_COMPILATION_CONDITIONS = DEBUG;
				SWIFT_OPTIMIZATION_LEVEL = "-Onone";
				TARGETED_DEVICE_FAMILY = "1,2";
			};
			name = Debug;
		};
		511883C9B97734C22CA6ADAF /* Debug */ = {
			isa = XCBuildConfiguration;
			buildSettings = {
				ALWAYS_SEARCH_USER_PATHS = NO;
				CLANG_ANALYZER_NONNULL = YES;
				CLANG_ANALYZER_NUMBER_OBJECT_CONVERSION = YES_AGGRESSIVE;
				CLANG_CXX_LANGUAGE_STANDARD = "gnu++14";
				CLANG_CXX_LIBRARY = "libc++";
				CLANG_ENABLE_MODULES = YES;
				CLANG_ENABLE_OBJC_ARC = YES;
				CLANG_ENABLE_OBJC_WEAK = YES;
				CLANG_WARN_BLOCK_CAPTURE_AUTORELEASING = YES;
				CLANG_WARN_BOOL_CONVERSION = YES;
				CLANG_WARN_COMMA = YES;
				CLANG_WARN_CONSTANT_CONVERSION = YES;
				CLANG_WARN_DEPRECATED_OBJC_IMPLEMENTATIONS = YES;
				CLANG_WARN_DIRECT_OBJC_ISA_USAGE = YES_ERROR;
				CLANG_WARN_DOCUMENTATION_COMMENTS = YES;
				CLANG_WARN_EMPTY_BODY = YES;
				CLANG_WARN_ENUM_CONVERSION = YES;
				CLANG_WARN_INFINITE_RECURSION = YES;
				CLANG_WARN_INT_CONVERSION = YES;
				CLANG_WARN_NON_LITERAL_NULL_CONVERSION = YES;
				CLANG_WARN_OBJC_IMPLICIT_RETAIN_SELF = YES;
				CLANG_WARN_OBJC_LITERAL_CONVERSION = YES;
				CLANG_WARN_OBJC_ROOT_CLASS = YES_ERROR;
				CLANG_WARN_QUOTED_INCLUDE_IN_FRAMEWORK_HEADER = YES;
				CLANG_WARN_RANGE_LOOP_ANALYSIS = YES;
				CLANG_WARN_STRICT_PROTOTYPES = YES;
				CLANG_WARN_SUSPICIOUS_MOVE = YES;
				CLANG_WARN_UNGUARDED_AVAILABILITY = YES_AGGRESSIVE;
				CLANG_WARN_UNREACHABLE_CODE = YES;
				CLANG_WARN__DUPLICATE_METHOD_MATCH = YES;
				CODE_SIGN_STYLE = Automatic;
				COPY_PHASE_STRIP = NO;
				CURRENT_PROJECT_VERSION = 1;
				DEBUG_INFORMATION_FORMAT = dwarf;
				DEVELOPMENT_TEAM = 8C7EB23ZZP;
				ENABLE_STRICT_OBJC_MSGSEND = YES;
				ENABLE_TESTABILITY = YES;
				GCC_C_LANGUAGE_STANDARD = gnu11;
				GCC_DYNAMIC_NO_PIC = NO;
				GCC_NO_COMMON_BLOCKS = YES;
				GCC_OPTIMIZATION_LEVEL = 0;
				GCC_PREPROCESSOR_DEFINITIONS = (
					"$(inherited)",
					"DEBUG=1",
				);
				GCC_WARN_64_TO_32_BIT_CONVERSION = YES;
				GCC_WARN_ABOUT_RETURN_TYPE = YES_ERROR;
				GCC_WARN_UNDECLARED_SELECTOR = YES;
				GCC_WARN_UNINITIALIZED_AUTOS = YES_AGGRESSIVE;
				GCC_WARN_UNUSED_FUNCTION = YES;
				GCC_WARN_UNUSED_VARIABLE = YES;
				IPHONEOS_DEPLOYMENT_TARGET = 17.0;
				MARKETING_VERSION = 1.0;
				MTL_ENABLE_DEBUG_INFO = INCLUDE_SOURCE;
				MTL_FAST_MATH = YES;
				ONLY_ACTIVE_ARCH = YES;
				PRODUCT_NAME = "$(TARGET_NAME)";
				SDKROOT = iphoneos;
				SWIFT_ACTIVE_COMPILATION_CONDITIONS = DEBUG;
				SWIFT_OPTIMIZATION_LEVEL = "-Onone";
				SWIFT_VERSION = 5.0;
			};
			name = Debug;
		};
		6B607E47A5EDF3D1229D3BE2 /* Debug */ = {
			isa = XCBuildConfiguration;
			buildSettings = {
				ASSETCATALOG_COMPILER_APPICON_NAME = AppIcon;
				ASSETCATALOG_COMPILER_GLOBAL_ACCENT_COLOR_NAME = AccentColor;
				CODE_SIGN_ENTITLEMENTS = URLReader/URLReader.entitlements;
				CODE_SIGN_IDENTITY = "iPhone Developer";
				INFOPLIST_FILE = URLReader/Info.plist;
				INFOPLIST_KEY_CFBundleDisplayName = "URL Reader";
				INFOPLIST_KEY_CFBundleExecutable = "$(EXECUTABLE_NAME)";
				INFOPLIST_KEY_CFBundleIdentifier = "$(PRODUCT_BUNDLE_IDENTIFIER)";
				INFOPLIST_KEY_CFBundleName = "$(PRODUCT_NAME)";
				INFOPLIST_KEY_CFBundleShortVersionString = "$(MARKETING_VERSION)";
				INFOPLIST_KEY_CFBundleVersion = "$(CURRENT_PROJECT_VERSION)";
				INFOPLIST_KEY_LSApplicationCategoryType = "public.app-category.utilities";
				INFOPLIST_KEY_UIApplicationSceneManifest_Generation = YES;
				INFOPLIST_KEY_UIApplicationSupportsIndirectInputEvents = YES;
				INFOPLIST_KEY_UILaunchScreen_Generation = YES;
				INFOPLIST_KEY_UIRequiresFullScreen = YES;
				INFOPLIST_KEY_UISupportedInterfaceOrientations_iPad = "UIInterfaceOrientationPortrait UIInterfaceOrientationPortraitUpsideDown UIInterfaceOrientationLandscapeLeft UIInterfaceOrientationLandscapeRight";
				INFOPLIST_KEY_UISupportedInterfaceOrientations_iPhone = "UIInterfaceOrientationPortrait UIInterfaceOrientationLandscapeLeft UIInterfaceOrientationLandscapeRight";
				LD_RUNPATH_SEARCH_PATHS = (
					"$(inherited)",
					"@executable_path/Frameworks",
				);
				PRODUCT_BUNDLE_IDENTIFIER = com.kareemf.URLReader;
				SDKROOT = iphoneos;
				SWIFT_ACTIVE_COMPILATION_CONDITIONS = DEBUG;
				SWIFT_OPTIMIZATION_LEVEL = "-Onone";
				TARGETED_DEVICE_FAMILY = "1,2";
			};
			name = Debug;
		};
		C92661BBFF861B6FDB3FB4B7 /* Release */ = {
			isa = XCBuildConfiguration;
			buildSettings = {
				ALWAYS_SEARCH_USER_PATHS = NO;
				CLANG_ANALYZER_NONNULL = YES;
				CLANG_ANALYZER_NUMBER_OBJECT_CONVERSION = YES_AGGRESSIVE;
				CLANG_CXX_LANGUAGE_STANDARD = "gnu++14";
				CLANG_CXX_LIBRARY = "libc++";
				CLANG_ENABLE_MODULES = YES;
				CLANG_ENABLE_OBJC_ARC = YES;
				CLANG_ENABLE_OBJC_WEAK = YES;
				CLANG_WARN_BLOCK_CAPTURE_AUTORELEASING = YES;
				CLANG_WARN_BOOL_CONVERSION = YES;
				CLANG_WARN_COMMA = YES;
				CLANG_WARN_CONSTANT_CONVERSION = YES;
				CLANG_WARN_DEPRECATED_OBJC_IMPLEMENTATIONS = YES;
				CLANG_WARN_DIRECT_OBJC_ISA_USAGE = YES_ERROR;
				CLANG_WARN_DOCUMENTATION_COMMENTS = YES;
				CLANG_WARN_EMPTY_BODY = YES;
				CLANG_WARN_ENUM_CONVERSION = YES;
				CLANG_WARN_INFINITE_RECURSION = YES;
				CLANG_WARN_INT_CONVERSION = YES;
				CLANG_WARN_NON_LITERAL_NULL_CONVERSION = YES;
				CLANG_WARN_OBJC_IMPLICIT_RETAIN_SELF = YES;
				CLANG_WARN_OBJC_LITERAL_CONVERSION = YES;
				CLANG_WARN_OBJC_ROOT_CLASS = YES_ERROR;
				CLANG_WARN_QUOTED_INCLUDE_IN_FRAMEWORK_HEADER = YES;
				CLANG_WARN_RANGE_LOOP_ANALYSIS = YES;
				CLANG_WARN_STRICT_PROTOTYPES = YES;
				CLANG_WARN_SUSPICIOUS_MOVE = YES;
				CLANG_WARN_UNGUARDED_AVAILABILITY = YES_AGGRESSIVE;
				CLANG_WARN_UNREACHABLE_CODE = YES;
				CLANG_WARN__DUPLICATE_METHOD_MATCH = YES;
				CODE_SIGN_STYLE = Automatic;
				COPY_PHASE_STRIP = NO;
				CURRENT_PROJECT_VERSION = 1;
				DEBUG_INFORMATION_FORMAT = "dwarf-with-dsym";
				DEVELOPMENT_TEAM = 8C7EB23ZZP;
				ENABLE_NS_ASSERTIONS = NO;
				ENABLE_STRICT_OBJC_MSGSEND = YES;
				GCC_C_LANGUAGE_STANDARD = gnu11;
				GCC_NO_COMMON_BLOCKS = YES;
				GCC_WARN_64_TO_32_BIT_CONVERSION = YES;
				GCC_WARN_ABOUT_RETURN_TYPE = YES_ERROR;
				GCC_WARN_UNDECLARED_SELECTOR = YES;
				GCC_WARN_UNINITIALIZED_AUTOS = YES_AGGRESSIVE;
				GCC_WARN_UNUSED_FUNCTION = YES;
				GCC_WARN_UNUSED_VARIABLE = YES;
				IPHONEOS_DEPLOYMENT_TARGET = 17.0;
				MARKETING_VERSION = 1.0;
				MTL_ENABLE_DEBUG_INFO = NO;
				MTL_FAST_MATH = YES;
				PRODUCT_NAME = "$(TARGET_NAME)";
				SDKROOT = iphoneos;
				SWIFT_COMPILATION_MODE = wholemodule;
				SWIFT_OPTIMIZATION_LEVEL = "-O";
				SWIFT_VERSION = 5.0;
			};
			name = Release;
		};
/* End XCBuildConfiguration section */

/* Begin XCConfigurationList section */
		1A687F0B24E502805488836F /* Build configuration list for PBXProject "URLReader" */ = {
			isa = XCConfigurationList;
			buildConfigurations = (
				511883C9B97734C22CA6ADAF /* Debug */,
				C92661BBFF861B6FDB3FB4B7 /* Release */,
			);
			defaultConfigurationIsVisible = 0;
			defaultConfigurationName = Debug;
		};
		2A02B89E1E747C4DBEF21453 /* Build configuration list for PBXNativeTarget "URLReader" */ = {
			isa = XCConfigurationList;
			buildConfigurations = (
				6B607E47A5EDF3D1229D3BE2 /* Debug */,
				32AB126444A77DB2BED29584 /* Release */,
			);
			defaultConfigurationIsVisible = 0;
			defaultConfigurationName = Debug;
		};
		3A56D60AAD3E7C1EFA20CB74 /* Build configuration list for PBXNativeTarget "URLReaderShare" */ = {
			isa = XCConfigurationList;
			buildConfigurations = (
				45057B6063816FE81F6B26AD /* Debug */,
				28E5B550F9B3825EA083672F /* Release */,
			);
			defaultConfigurationIsVisible = 0;
			defaultConfigurationName = Debug;
		};
/* End XCConfigurationList section */

/* Begin XCLocalSwiftPackageReference section */
		2428990A0D33A8CB5E6A1FB4 /* XCLocalSwiftPackageReference "Vendor/SherpaOnnx" */ = {
			isa = XCLocalSwiftPackageReference;
			relativePath = Vendor/SherpaOnnx;
		};
/* End XCLocalSwiftPackageReference section */

/* Begin XCRemoteSwiftPackageReference section */
		1887E6FDF11F913EB57CEFC7 /* XCRemoteSwiftPackageReference "SWCompression" */ = {
			isa = XCRemoteSwiftPackageReference;
			repositoryURL = "https://github.com/tsolomko/SWCompression.git";
			requirement = {
				kind = upToNextMajorVersion;
				minimumVersion = 4.0.0;
			};
		};
/* End XCRemoteSwiftPackageReference section */

/* Begin XCSwiftPackageProductDependency section */
		8BC79544F2C7301DB62305CE /* SherpaOnnx */ = {
			isa = XCSwiftPackageProductDependency;
			productName = SherpaOnnx;
		};
		AF5EDBA8F97DD3A42C02584F /* SWCompression */ = {
			isa = XCSwiftPackageProductDependency;
			package = 1887E6FDF11F913EB57CEFC7 /* XCRemoteSwiftPackageReference "SWCompression" */;
			productName = SWCompression;
		};
/* End XCSwiftPackageProductDependency section */
	};
	rootObject = 7C15DF92AC5C315365C97B64 /* Project object */;
}
